// !$*UTF8*$!
{
	archiveVersion = 1;
	classes = {
	};
	objectVersion = 46;
	objects = {

/* Begin PBXBuildFile section */
		76F960A41E79F5D100C584BD /* CoatRoomViewController.m in Sources */ = {isa = PBXBuildFile; fileRef = 76F960A31E79F5D100C584BD /* CoatRoomViewController.m */; };
		76F960A71E79F9FC00C584BD /* LibraryViewController.m in Sources */ = {isa = PBXBuildFile; fileRef = 76F960A61E79F9FC00C584BD /* LibraryViewController.m */; };
		76F960AA1E79FA0600C584BD /* DiningRoomViewController.m in Sources */ = {isa = PBXBuildFile; fileRef = 76F960A91E79FA0600C584BD /* DiningRoomViewController.m */; };
		76F960AD1E79FA1200C584BD /* StairsUpViewController.m in Sources */ = {isa = PBXBuildFile; fileRef = 76F960AC1E79FA1200C584BD /* StairsUpViewController.m */; };
		76F960B01E79FA4200C584BD /* LivingRoomViewController.m in Sources */ = {isa = PBXBuildFile; fileRef = 76F960AF1E79FA4200C584BD /* LivingRoomViewController.m */; };
		76F960B31E79FA5C00C584BD /* SecretPassageViewController.m in Sources */ = {isa = PBXBuildFile; fileRef = 76F960B21E79FA5C00C584BD /* SecretPassageViewController.m */; };
		76F960B61E79FA6800C584BD /* BedroomViewController.m in Sources */ = {isa = PBXBuildFile; fileRef = 76F960B51E79FA6800C584BD /* BedroomViewController.m */; };
		76F960B91E79FA7500C584BD /* BathroomViewController.m in Sources */ = {isa = PBXBuildFile; fileRef = 76F960B81E79FA7500C584BD /* BathroomViewController.m */; };
		76F960BC1E79FA8300C584BD /* BackPorchViewController.m in Sources */ = {isa = PBXBuildFile; fileRef = 76F960BB1E79FA8300C584BD /* BackPorchViewController.m */; };
		76F960BF1E79FA9E00C584BD /* LakeViewController.m in Sources */ = {isa = PBXBuildFile; fileRef = 76F960BE1E79FA9E00C584BD /* LakeViewController.m */; };
		76F960C21E79FAA700C584BD /* GeneratorViewController.m in Sources */ = {isa = PBXBuildFile; fileRef = 76F960C11E79FAA700C584BD /* GeneratorViewController.m */; };
		76F960C51E79FAB300C584BD /* DungeonViewController.m in Sources */ = {isa = PBXBuildFile; fileRef = 76F960C41E79FAB300C584BD /* DungeonViewController.m */; };
		76F960CB1E79FB5500C584BD /* LabratoryViewController.m in Sources */ = {isa = PBXBuildFile; fileRef = 76F960CA1E79FB5500C584BD /* LabratoryViewController.m */; };
		76F960CE1E79FB9E00C584BD /* WeirdThingViewController.m in Sources */ = {isa = PBXBuildFile; fileRef = 76F960CD1E79FB9E00C584BD /* WeirdThingViewController.m */; };
		76FA3EFC1E79D94400CE256B /* main.m in Sources */ = {isa = PBXBuildFile; fileRef = 76FA3EFB1E79D94400CE256B /* main.m */; };
		76FA3EFF1E79D94400CE256B /* AppDelegate.m in Sources */ = {isa = PBXBuildFile; fileRef = 76FA3EFE1E79D94400CE256B /* AppDelegate.m */; };
		76FA3F021E79D94400CE256B /* ViewController.m in Sources */ = {isa = PBXBuildFile; fileRef = 76FA3F011E79D94400CE256B /* ViewController.m */; };
		76FA3F051E79D94400CE256B /* Main.storyboard in Resources */ = {isa = PBXBuildFile; fileRef = 76FA3F031E79D94400CE256B /* Main.storyboard */; };
		76FA3F071E79D94400CE256B /* Assets.xcassets in Resources */ = {isa = PBXBuildFile; fileRef = 76FA3F061E79D94400CE256B /* Assets.xcassets */; };
		76FA3F0A1E79D94400CE256B /* LaunchScreen.storyboard in Resources */ = {isa = PBXBuildFile; fileRef = 76FA3F081E79D94400CE256B /* LaunchScreen.storyboard */; };
/* End PBXBuildFile section */

/* Begin PBXFileReference section */
		76F960A21E79F5D100C584BD /* CoatRoomViewController.h */ = {isa = PBXFileReference; fileEncoding = 4; lastKnownFileType = sourcecode.c.h; path = CoatRoomViewController.h; sourceTree = "<group>"; };
		76F960A31E79F5D100C584BD /* CoatRoomViewController.m */ = {isa = PBXFileReference; fileEncoding = 4; lastKnownFileType = sourcecode.c.objc; path = CoatRoomViewController.m; sourceTree = "<group>"; };
		76F960A51E79F9FC00C584BD /* LibraryViewController.h */ = {isa = PBXFileReference; fileEncoding = 4; lastKnownFileType = sourcecode.c.h; path = LibraryViewController.h; sourceTree = "<group>"; };
		76F960A61E79F9FC00C584BD /* LibraryViewController.m */ = {isa = PBXFileReference; fileEncoding = 4; lastKnownFileType = sourcecode.c.objc; path = LibraryViewController.m; sourceTree = "<group>"; };
		76F960A81E79FA0600C584BD /* DiningRoomViewController.h */ = {isa = PBXFileReference; fileEncoding = 4; lastKnownFileType = sourcecode.c.h; path = DiningRoomViewController.h; sourceTree = "<group>"; };
		76F960A91E79FA0600C584BD /* DiningRoomViewController.m */ = {isa = PBXFileReference; fileEncoding = 4; lastKnownFileType = sourcecode.c.objc; path = DiningRoomViewController.m; sourceTree = "<group>"; };
		76F960AB1E79FA1200C584BD /* StairsUpViewController.h */ = {isa = PBXFileReference; fileEncoding = 4; lastKnownFileType = sourcecode.c.h; path = StairsUpViewController.h; sourceTree = "<group>"; };
		76F960AC1E79FA1200C584BD /* StairsUpViewController.m */ = {isa = PBXFileReference; fileEncoding = 4; lastKnownFileType = sourcecode.c.objc; path = StairsUpViewController.m; sourceTree = "<group>"; };
		76F960AE1E79FA4200C584BD /* LivingRoomViewController.h */ = {isa = PBXFileReference; fileEncoding = 4; lastKnownFileType = sourcecode.c.h; path = LivingRoomViewController.h; sourceTree = "<group>"; };
		76F960AF1E79FA4200C584BD /* LivingRoomViewController.m */ = {isa = PBXFileReference; fileEncoding = 4; lastKnownFileType = sourcecode.c.objc; path = LivingRoomViewController.m; sourceTree = "<group>"; };
		76F960B11E79FA5C00C584BD /* SecretPassageViewController.h */ = {isa = PBXFileReference; fileEncoding = 4; lastKnownFileType = sourcecode.c.h; path = SecretPassageViewController.h; sourceTree = "<group>"; };
		76F960B21E79FA5C00C584BD /* SecretPassageViewController.m */ = {isa = PBXFileReference; fileEncoding = 4; lastKnownFileType = sourcecode.c.objc; path = SecretPassageViewController.m; sourceTree = "<group>"; };
		76F960B41E79FA6800C584BD /* BedroomViewController.h */ = {isa = PBXFileReference; fileEncoding = 4; lastKnownFileType = sourcecode.c.h; path = BedroomViewController.h; sourceTree = "<group>"; };
		76F960B51E79FA6800C584BD /* BedroomViewController.m */ = {isa = PBXFileReference; fileEncoding = 4; lastKnownFileType = sourcecode.c.objc; path = BedroomViewController.m; sourceTree = "<group>"; };
		76F960B71E79FA7500C584BD /* BathroomViewController.h */ = {isa = PBXFileReference; fileEncoding = 4; lastKnownFileType = sourcecode.c.h; path = BathroomViewController.h; sourceTree = "<group>"; };
		76F960B81E79FA7500C584BD /* BathroomViewController.m */ = {isa = PBXFileReference; fileEncoding = 4; lastKnownFileType = sourcecode.c.objc; path = BathroomViewController.m; sourceTree = "<group>"; };
		76F960BA1E79FA8300C584BD /* BackPorchViewController.h */ = {isa = PBXFileReference; fileEncoding = 4; lastKnownFileType = sourcecode.c.h; path = BackPorchViewController.h; sourceTree = "<group>"; };
		76F960BB1E79FA8300C584BD /* BackPorchViewController.m */ = {isa = PBXFileReference; fileEncoding = 4; lastKnownFileType = sourcecode.c.objc; path = BackPorchViewController.m; sourceTree = "<group>"; };
		76F960BD1E79FA9E00C584BD /* LakeViewController.h */ = {isa = PBXFileReference; fileEncoding = 4; lastKnownFileType = sourcecode.c.h; path = LakeViewController.h; sourceTree = "<group>"; };
		76F960BE1E79FA9E00C584BD /* LakeViewController.m */ = {isa = PBXFileReference; fileEncoding = 4; lastKnownFileType = sourcecode.c.objc; path = LakeViewController.m; sourceTree = "<group>"; };
		76F960C01E79FAA700C584BD /* GeneratorViewController.h */ = {isa = PBXFileReference; fileEncoding = 4; lastKnownFileType = sourcecode.c.h; path = GeneratorViewController.h; sourceTree = "<group>"; };
		76F960C11E79FAA700C584BD /* GeneratorViewController.m */ = {isa = PBXFileReference; fileEncoding = 4; lastKnownFileType = sourcecode.c.objc; path = GeneratorViewController.m; sourceTree = "<group>"; };
		76F960C31E79FAB300C584BD /* DungeonViewController.h */ = {isa = PBXFileReference; fileEncoding = 4; lastKnownFileType = sourcecode.c.h; path = DungeonViewController.h; sourceTree = "<group>"; };
		76F960C41E79FAB300C584BD /* DungeonViewController.m */ = {isa = PBXFileReference; fileEncoding = 4; lastKnownFileType = sourcecode.c.objc; path = DungeonViewController.m; sourceTree = "<group>"; };
		76F960C91E79FB5500C584BD /* LabratoryViewController.h */ = {isa = PBXFileReference; fileEncoding = 4; lastKnownFileType = sourcecode.c.h; path = LabratoryViewController.h; sourceTree = "<group>"; };
		76F960CA1E79FB5500C584BD /* LabratoryViewController.m */ = {isa = PBXFileReference; fileEncoding = 4; lastKnownFileType = sourcecode.c.objc; path = LabratoryViewController.m; sourceTree = "<group>"; };
		76F960CC1E79FB9E00C584BD /* WeirdThingViewController.h */ = {isa = PBXFileReference; fileEncoding = 4; lastKnownFileType = sourcecode.c.h; path = WeirdThingViewController.h; sourceTree = "<group>"; };
		76F960CD1E79FB9E00C584BD /* WeirdThingViewController.m */ = {isa = PBXFileReference; fileEncoding = 4; lastKnownFileType = sourcecode.c.objc; path = WeirdThingViewController.m; sourceTree = "<group>"; };
		76FA3EF71E79D94400CE256B /* Entering A House.app */ = {isa = PBXFileReference; explicitFileType = wrapper.application; includeInIndex = 0; path = "Entering A House.app"; sourceTree = BUILT_PRODUCTS_DIR; };
		76FA3EFB1E79D94400CE256B /* main.m */ = {isa = PBXFileReference; lastKnownFileType = sourcecode.c.objc; path = main.m; sourceTree = "<group>"; };
		76FA3EFD1E79D94400CE256B /* AppDelegate.h */ = {isa = PBXFileReference; lastKnownFileType = sourcecode.c.h; path = AppDelegate.h; sourceTree = "<group>"; };
		76FA3EFE1E79D94400CE256B /* AppDelegate.m */ = {isa = PBXFileReference; lastKnownFileType = sourcecode.c.objc; path = AppDelegate.m; sourceTree = "<group>"; };
		76FA3F001E79D94400CE256B /* ViewController.h */ = {isa = PBXFileReference; lastKnownFileType = sourcecode.c.h; path = ViewController.h; sourceTree = "<group>"; };
		76FA3F011E79D94400CE256B /* ViewController.m */ = {isa = PBXFileReference; lastKnownFileType = sourcecode.c.objc; path = ViewController.m; sourceTree = "<group>"; };
		76FA3F041E79D94400CE256B /* Base */ = {isa = PBXFileReference; lastKnownFileType = file.storyboard; name = Base; path = Base.lproj/Main.storyboard; sourceTree = "<group>"; };
		76FA3F061E79D94400CE256B /* Assets.xcassets */ = {isa = PBXFileReference; lastKnownFileType = folder.assetcatalog; path = Assets.xcassets; sourceTree = "<group>"; };
		76FA3F091E79D94400CE256B /* Base */ = {isa = PBXFileReference; lastKnownFileType = file.storyboard; name = Base; path = Base.lproj/LaunchScreen.storyboard; sourceTree = "<group>"; };
		76FA3F0B1E79D94400CE256B /* Info.plist */ = {isa = PBXFileReference; lastKnownFileType = text.plist.xml; path = Info.plist; sourceTree = "<group>"; };
/* End PBXFileReference section */

/* Begin PBXFrameworksBuildPhase section */
		76FA3EF41E79D94400CE256B /* Frameworks */ = {
			isa = PBXFrameworksBuildPhase;
			buildActionMask = 2147483647;
			files = (
			);
			runOnlyForDeploymentPostprocessing = 0;
		};
/* End PBXFrameworksBuildPhase section */

/* Begin PBXGroup section */
		76FA3EEE1E79D94400CE256B = {
			isa = PBXGroup;
			children = (
				76FA3EF91E79D94400CE256B /* Entering A House */,
				76FA3EF81E79D94400CE256B /* Products */,
			);
			sourceTree = "<group>";
		};
		76FA3EF81E79D94400CE256B /* Products */ = {
			isa = PBXGroup;
			children = (
				76FA3EF71E79D94400CE256B /* Entering A House.app */,
			);
			name = Products;
			sourceTree = "<group>";
		};
		76FA3EF91E79D94400CE256B /* Entering A House */ = {
			isa = PBXGroup;
			children = (
				76FA3EFD1E79D94400CE256B /* AppDelegate.h */,
				76FA3EFE1E79D94400CE256B /* AppDelegate.m */,
				76FA3F001E79D94400CE256B /* ViewController.h */,
				76FA3F011E79D94400CE256B /* ViewController.m */,
				76FA3F031E79D94400CE256B /* Main.storyboard */,
				76FA3F061E79D94400CE256B /* Assets.xcassets */,
				76FA3F081E79D94400CE256B /* LaunchScreen.storyboard */,
				76FA3F0B1E79D94400CE256B /* Info.plist */,
				76FA3EFA1E79D94400CE256B /* Supporting Files */,
				76F960A21E79F5D100C584BD /* CoatRoomViewController.h */,
				76F960A31E79F5D100C584BD /* CoatRoomViewController.m */,
				76F960A51E79F9FC00C584BD /* LibraryViewController.h */,
				76F960A61E79F9FC00C584BD /* LibraryViewController.m */,
				76F960A81E79FA0600C584BD /* DiningRoomViewController.h */,
				76F960A91E79FA0600C584BD /* DiningRoomViewController.m */,
				76F960AB1E79FA1200C584BD /* StairsUpViewController.h */,
				76F960AC1E79FA1200C584BD /* StairsUpViewController.m */,
				76F960AE1E79FA4200C584BD /* LivingRoomViewController.h */,
				76F960AF1E79FA4200C584BD /* LivingRoomViewController.m */,
				76F960B11E79FA5C00C584BD /* SecretPassageViewController.h */,
				76F960B21E79FA5C00C584BD /* SecretPassageViewController.m */,
				76F960B41E79FA6800C584BD /* BedroomViewController.h */,
				76F960B51E79FA6800C584BD /* BedroomViewController.m */,
				76F960B71E79FA7500C584BD /* BathroomViewController.h */,
				76F960B81E79FA7500C584BD /* BathroomViewController.m */,
				76F960BA1E79FA8300C584BD /* BackPorchViewController.h */,
				76F960BB1E79FA8300C584BD /* BackPorchViewController.m */,
				76F960BD1E79FA9E00C584BD /* LakeViewController.h */,
				76F960BE1E79FA9E00C584BD /* LakeViewController.m */,
				76F960C01E79FAA700C584BD /* GeneratorViewController.h */,
				76F960C11E79FAA700C584BD /* GeneratorViewController.m */,
				76F960C31E79FAB300C584BD /* DungeonViewController.h */,
				76F960C41E79FAB300C584BD /* DungeonViewController.m */,
				76F960C91E79FB5500C584BD /* LabratoryViewController.h */,
				76F960CA1E79FB5500C584BD /* LabratoryViewController.m */,
				76F960CC1E79FB9E00C584BD /* WeirdThingViewController.h */,
				76F960CD1E79FB9E00C584BD /* WeirdThingViewController.m */,
			);
			path = "Entering A House";
			sourceTree = "<group>";
		};
		76FA3EFA1E79D94400CE256B /* Supporting Files */ = {
			isa = PBXGroup;
			children = (
				76FA3EFB1E79D94400CE256B /* main.m */,
			);
			name = "Supporting Files";
			sourceTree = "<group>";
		};
/* End PBXGroup section */

/* Begin PBXNativeTarget section */
		76FA3EF61E79D94400CE256B /* Entering A House */ = {
			isa = PBXNativeTarget;
			buildConfigurationList = 76FA3F0E1E79D94400CE256B /* Build configuration list for PBXNativeTarget "Entering A House" */;
			buildPhases = (
				76FA3EF31E79D94400CE256B /* Sources */,
				76FA3EF41E79D94400CE256B /* Frameworks */,
				76FA3EF51E79D94400CE256B /* Resources */,
			);
			buildRules = (
			);
			dependencies = (
			);
			name = "Entering A House";
			productName = "Entering A House";
			productReference = 76FA3EF71E79D94400CE256B /* Entering A House.app */;
			productType = "com.apple.product-type.application";
		};
/* End PBXNativeTarget section */

/* Begin PBXProject section */
		76FA3EEF1E79D94400CE256B /* Project object */ = {
			isa = PBXProject;
			attributes = {
				LastUpgradeCheck = 0820;
				ORGANIZATIONNAME = "David Guichon";
				TargetAttributes = {
					76FA3EF61E79D94400CE256B = {
						CreatedOnToolsVersion = 8.2.1;
						ProvisioningStyle = Automatic;
					};
				};
			};
			buildConfigurationList = 76FA3EF21E79D94400CE256B /* Build configuration list for PBXProject "Entering A House" */;
			compatibilityVersion = "Xcode 3.2";
			developmentRegion = English;
			hasScannedForEncodings = 0;
			knownRegions = (
				en,
				Base,
			);
			mainGroup = 76FA3EEE1E79D94400CE256B;
			productRefGroup = 76FA3EF81E79D94400CE256B /* Products */;
			projectDirPath = "";
			projectRoot = "";
			targets = (
				76FA3EF61E79D94400CE256B /* Entering A House */,
			);
		};
/* End PBXProject section */

/* Begin PBXResourcesBuildPhase section */
		76FA3EF51E79D94400CE256B /* Resources */ = {
			isa = PBXResourcesBuildPhase;
			buildActionMask = 2147483647;
			files = (
				76FA3F0A1E79D94400CE256B /* LaunchScreen.storyboard in Resources */,
				76FA3F071E79D94400CE256B /* Assets.xcassets in Resources */,
				76FA3F051E79D94400CE256B /* Main.storyboard in Resources */,
			);
			runOnlyForDeploymentPostprocessing = 0;
		};
/* End PBXResourcesBuildPhase section */

/* Begin PBXSourcesBuildPhase section */
		76FA3EF31E79D94400CE256B /* Sources */ = {
			isa = PBXSourcesBuildPhase;
			buildActionMask = 2147483647;
			files = (
				76F960BC1E79FA8300C584BD /* BackPorchViewController.m in Sources */,
				76F960B31E79FA5C00C584BD /* SecretPassageViewController.m in Sources */,
				76F960A71E79F9FC00C584BD /* LibraryViewController.m in Sources */,
				76FA3F021E79D94400CE256B /* ViewController.m in Sources */,
				76F960C21E79FAA700C584BD /* GeneratorViewController.m in Sources */,
				76F960B01E79FA4200C584BD /* LivingRoomViewController.m in Sources */,
				76F960C51E79FAB300C584BD /* DungeonViewController.m in Sources */,
				76F960B91E79FA7500C584BD /* BathroomViewController.m in Sources */,
				76F960CE1E79FB9E00C584BD /* WeirdThingViewController.m in Sources */,
				76FA3EFF1E79D94400CE256B /* AppDelegate.m in Sources */,
				76F960AD1E79FA1200C584BD /* StairsUpViewController.m in Sources */,
				76F960A41E79F5D100C584BD /* CoatRoomViewController.m in Sources */,
				76F960AA1E79FA0600C584BD /* DiningRoomViewController.m in Sources */,
				76FA3EFC1E79D94400CE256B /* main.m in Sources */,
				76F960BF1E79FA9E00C584BD /* LakeViewController.m in Sources */,
				76F960B61E79FA6800C584BD /* BedroomViewController.m in Sources */,
				76F960CB1E79FB5500C584BD /* LabratoryViewController.m in Sources */,
			);
			runOnlyForDeploymentPostprocessing = 0;
		};
/* End PBXSourcesBuildPhase section */

/* Begin PBXVariantGroup section */
		76FA3F031E79D94400CE256B /* Main.storyboard */ = {
			isa = PBXVariantGroup;
			children = (
				76FA3F041E79D94400CE256B /* Base */,
			);
			name = Main.storyboard;
			sourceTree = "<group>";
		};
		76FA3F081E79D94400CE256B /* LaunchScreen.storyboard */ = {
			isa = PBXVariantGroup;
			children = (
				76FA3F091E79D94400CE256B /* Base */,
			);
			name = LaunchScreen.storyboard;
			sourceTree = "<group>";
		};
/* End PBXVariantGroup section */

/* Begin XCBuildConfiguration section */
		76FA3F0C1E79D94400CE256B /* Debug */ = {
			isa = XCBuildConfiguration;
			buildSettings = {
				ALWAYS_SEARCH_USER_PATHS = NO;
				CLANG_ANALYZER_NONNULL = YES;
				CLANG_CXX_LANGUAGE_STANDARD = "gnu++0x";
				CLANG_CXX_LIBRARY = "libc++";
				CLANG_ENABLE_MODULES = YES;
				CLANG_ENABLE_OBJC_ARC = YES;
				CLANG_WARN_BOOL_CONVERSION = YES;
				CLANG_WARN_CONSTANT_CONVERSION = YES;
				CLANG_WARN_DIRECT_OBJC_ISA_USAGE = YES_ERROR;
				CLANG_WARN_DOCUMENTATION_COMMENTS = YES;
				CLANG_WARN_EMPTY_BODY = YES;
				CLANG_WARN_ENUM_CONVERSION = YES;
				CLANG_WARN_INFINITE_RECURSION = YES;
				CLANG_WARN_INT_CONVERSION = YES;
				CLANG_WARN_OBJC_ROOT_CLASS = YES_ERROR;
				CLANG_WARN_SUSPICIOUS_MOVE = YES;
				CLANG_WARN_UNREACHABLE_CODE = YES;
				CLANG_WARN__DUPLICATE_METHOD_MATCH = YES;
				"CODE_SIGN_IDENTITY[sdk=iphoneos*]" = "iPhone Developer";
				COPY_PHASE_STRIP = NO;
				DEBUG_INFORMATION_FORMAT = dwarf;
				ENABLE_STRICT_OBJC_MSGSEND = YES;
				ENABLE_TESTABILITY = YES;
				GCC_C_LANGUAGE_STANDARD = gnu99;
				GCC_DYNAMIC_NO_PIC = NO;
				GCC_NO_COMMON_BLOCKS = YES;
				GCC_OPTIMIZATION_LEVEL = 0;
				GCC_PREPROCESSOR_DEFINITIONS = (
					"DEBUG=1",
					"$(inherited)",
				);
				GCC_WARN_64_TO_32_BIT_CONVERSION = YES;
				GCC_WARN_ABOUT_RETURN_TYPE = YES_ERROR;
				GCC_WARN_UNDECLARED_SELECTOR = YES;
				GCC_WARN_UNINITIALIZED_AUTOS = YES_AGGRESSIVE;
				GCC_WARN_UNUSED_FUNCTION = YES;
				GCC_WARN_UNUSED_VARIABLE = YES;
				IPHONEOS_DEPLOYMENT_TARGET = 10.2;
				MTL_ENABLE_DEBUG_INFO = YES;
				ONLY_ACTIVE_ARCH = YES;
				SDKROOT = iphoneos;
			};
			name = Debug;
		};
		76FA3F0D1E79D94400CE256B /* Release */ = {
			isa = XCBuildConfiguration;
			buildSettings = {
				ALWAYS_SEARCH_USER_PATHS = NO;
				CLANG_ANALYZER_NONNULL = YES;
				CLANG_CXX_LANGUAGE_STANDARD = "gnu++0x";
				CLANG_CXX_LIBRARY = "libc++";
				CLANG_ENABLE_MODULES = YES;
				CLANG_ENABLE_OBJC_ARC = YES;
				CLANG_WARN_BOOL_CONVERSION = YES;
				CLANG_WARN_CONSTANT_CONVERSION = YES;
				CLANG_WARN_DIRECT_OBJC_ISA_USAGE = YES_ERROR;
				CLANG_WARN_DOCUMENTATION_COMMENTS = YES;
				CLANG_WARN_EMPTY_BODY = YES;
				CLANG_WARN_ENUM_CONVERSION = YES;
				CLANG_WARN_INFINITE_RECURSION = YES;
				CLANG_WARN_INT_CONVERSION = YES;
				CLANG_WARN_OBJC_ROOT_CLASS = YES_ERROR;
				CLANG_WARN_SUSPICIOUS_MOVE = YES;
				CLANG_WARN_UNREACHABLE_CODE = YES;
				CLANG_WARN__DUPLICATE_METHOD_MATCH = YES;
				"CODE_SIGN_IDENTITY[sdk=iphoneos*]" = "iPhone Developer";
				COPY_PHASE_STRIP = NO;
				DEBUG_INFORMATION_FORMAT = "dwarf-with-dsym";
				ENABLE_NS_ASSERTIONS = NO;
				ENABLE_STRICT_OBJC_MSGSEND = YES;
				GCC_C_LANGUAGE_STANDARD = gnu99;
				GCC_NO_COMMON_BLOCKS = YES;
				GCC_WARN_64_TO_32_BIT_CONVERSION = YES;
				GCC_WARN_ABOUT_RETURN_TYPE = YES_ERROR;
				GCC_WARN_UNDECLARED_SELECTOR = YES;
				GCC_WARN_UNINITIALIZED_AUTOS = YES_AGGRESSIVE;
				GCC_WARN_UNUSED_FUNCTION = YES;
				GCC_WARN_UNUSED_VARIABLE = YES;
				IPHONEOS_DEPLOYMENT_TARGET = 10.2;
				MTL_ENABLE_DEBUG_INFO = NO;
				SDKROOT = iphoneos;
				VALIDATE_PRODUCT = YES;
			};
			name = Release;
		};
		76FA3F0F1E79D94400CE256B /* Debug */ = {
			isa = XCBuildConfiguration;
			buildSettings = {
				ASSETCATALOG_COMPILER_APPICON_NAME = AppIcon;
				INFOPLIST_FILE = "Entering A House/Info.plist";
				LD_RUNPATH_SEARCH_PATHS = "$(inherited) @executable_path/Frameworks";
				PRODUCT_BUNDLE_IDENTIFIER = "com.davidguichon.Entering-A-House";
				PRODUCT_NAME = "$(TARGET_NAME)";
			};
			name = Debug;
		};
		76FA3F101E79D94400CE256B /* Release */ = {
			isa = XCBuildConfiguration;
			buildSettings = {
				ASSETCATALOG_COMPILER_APPICON_NAME = AppIcon;
				INFOPLIST_FILE = "Entering A House/Info.plist";
				LD_RUNPATH_SEARCH_PATHS = "$(inherited) @executable_path/Frameworks";
				PRODUCT_BUNDLE_IDENTIFIER = "com.davidguichon.Entering-A-House";
				PRODUCT_NAME = "$(TARGET_NAME)";
			};
			name = Release;
		};
/* End XCBuildConfiguration section */

/* Begin XCConfigurationList section */
		76FA3EF21E79D94400CE256B /* Build configuration list for PBXProject "Entering A House" */ = {
			isa = XCConfigurationList;
			buildConfigurations = (
				76FA3F0C1E79D94400CE256B /* Debug */,
				76FA3F0D1E79D94400CE256B /* Release */,
			);
			defaultConfigurationIsVisible = 0;
			defaultConfigurationName = Release;
		};
		76FA3F0E1E79D94400CE256B /* Build configuration list for PBXNativeTarget "Entering A House" */ = {
			isa = XCConfigurationList;
			buildConfigurations = (
				76FA3F0F1E79D94400CE256B /* Debug */,
				76FA3F101E79D94400CE256B /* Release */,
			);
			defaultConfigurationIsVisible = 0;
			defaultConfigurationName = Release;
		};
/* End XCConfigurationList section */
	};
	rootObject = 76FA3EEF1E79D94400CE256B /* Project object */;
}
